
Microsoft Visual Studio Solution File, Format Version 12.00
# Visual Studio 15
VisualStudioVersion = 15.0.28307.902
MinimumVisualStudioVersion = 10.0.40219.1
Project("{9A19103F-16F7-4668-BE54-9A1E7A4F7556}") = "CharityProject", "CharityProject\CharityProject.csproj", "{1BB55F32-F30E-4197-AA5C-0C00592C455E}"
EndProject
Project("{FAE04EC0-301F-11D3-BF4B-00C04F79EFBC}") = "CharityData", "CharityData\CharityData.csproj", "{575C5325-9F43-496F-ADEF-4E303272A10E}"
EndProject
Global
	GlobalSection(SolutionConfigurationPlatforms) = preSolution
		Debug|Any CPU = Debug|Any CPU
		Release|Any CPU = Release|Any CPU
	EndGlobalSection
	GlobalSection(ProjectConfigurationPlatforms) = postSolution
		{1BB55F32-F30E-4197-AA5C-0C00592C455E}.Debug|Any CPU.ActiveCfg = Debug|Any CPU
		{1BB55F32-F30E-4197-AA5C-0C00592C455E}.Debug|Any CPU.Build.0 = Debug|Any CPU
		{1BB55F32-F30E-4197-AA5C-0C00592C455E}.Release|Any CPU.ActiveCfg = Release|Any CPU
		{1BB55F32-F30E-4197-AA5C-0C00592C455E}.Release|Any CPU.Build.0 = Release|Any CPU
		{575C5325-9F43-496F-ADEF-4E303272A10E}.Debug|Any CPU.ActiveCfg = Debug|Any CPU
		{575C5325-9F43-496F-ADEF-4E303272A10E}.Debug|Any CPU.Build.0 = Debug|Any CPU
		{575C5325-9F43-496F-ADEF-4E303272A10E}.Release|Any CPU.ActiveCfg = Release|Any CPU
		{575C5325-9F43-496F-ADEF-4E303272A10E}.Release|Any CPU.Build.0 = Release|Any CPU
	EndGlobalSection
	GlobalSection(SolutionProperties) = preSolution
		HideSolutionNode = FALSE
	EndGlobalSection
	GlobalSection(ExtensibilityGlobals) = postSolution
		SolutionGuid = {016C70EA-11B8-4A1A-A071-AE8C1024DC01}
	EndGlobalSection
EndGlobal
